<?xml version="1.0" encoding="UTF-8" standalone="yes" ?>
<CodeBlocks_project_file>
	<FileVersion major="1" minor="6" />
	<Project>
		<Option title="PharaohGameEngine" />
		<Option pch_mode="2" />
		<Option compiler="gcc" />
		<Build>
			<Target title="Debug">
				<Option output="bin\Debug\PharaohGameEngine" prefix_auto="1" extension_auto="1" />
				<Option object_output="obj\Debug\" />
				<Option type="0" />
				<Option compiler="gcc" />
				<Compiler>
					<Add option="-g" />
				</Compiler>
			</Target>
			<Target title="Release">
				<Option output="bin\Release\PharaohGameEngine" prefix_auto="1" extension_auto="1" />
				<Option object_output="obj\Release\" />
				<Option type="0" />
				<Option compiler="gcc" />
				<Compiler>
					<Add option="-O2" />
				</Compiler>
				<Linker>
					<Add option="-s" />
				</Linker>
			</Target>
		</Build>
		<Compiler>
			<Add option="-Wall" />
			<Add directory="$(#sdl.include)" />
		</Compiler>
		<Linker>
			<Add library="mingw32" />
			<Add library="SDLmain" />
			<Add library="SDL.dll" />
			<Add library="user32" />
			<Add library="gdi32" />
			<Add library="winmm" />
			<Add library="dxguid" />
			<Add library="opengl32" />
			<Add library="glu32" />
			<Add directory="$(#sdl.lib)" />
		</Linker>
		<Unit filename="PgeBaseEntity.cpp" />
		<Unit filename="PgeBaseEntity.h" />
		<Unit filename="PgeBaseEntityInterface.h" />
		<Unit filename="PgeBaseGameEngine.cpp" />
		<Unit filename="PgeBaseGameEngine.h" />
		<Unit filename="PgeBaseWindowSystem.cpp" />
		<Unit filename="PgeBaseWindowSystem.h" />
		<Unit filename="PgeEnums.h" />
		<Unit filename="PgeException.h" />
		<Unit filename="PgeGameManager.cpp" />
		<Unit filename="PgeGameManager.h" />
		<Unit filename="PgeMath.cpp" />
		<Unit filename="PgeMath.h" />
		<Unit filename="PgeMatrix2D.cpp" />
		<Unit filename="PgeMatrix2D.h" />
		<Unit filename="PgeMatrix3D.cpp" />
		<Unit filename="PgeMatrix3D.h" />
		<Unit filename="PgePlatform.h" />
		<Unit filename="PgePoint2D.cpp" />
		<Unit filename="PgePoint2D.h" />
		<Unit filename="PgePoint3D.cpp" />
		<Unit filename="PgePoint3D.h" />
		<Unit filename="PgeSharedPtr.h" />
		<Unit filename="PgeSingleton.cpp" />
		<Unit filename="PgeSingleton.h" />
		<Unit filename="PgeTextureManager.cpp" />
		<Unit filename="PgeTextureManager.h" />
		<Unit filename="PgeTileEngine.cpp" />
		<Unit filename="PgeTileEngine.h" />
		<Unit filename="PgeTimer.cpp" />
		<Unit filename="PgeTimer.h" />
		<Unit filename="PgeTypes.cpp" />
		<Unit filename="PgeTypes.h" />
		<Unit filename="SDL\PgeSDLWindowSystem.cpp" />
		<Unit filename="SDL\PgeSDLWindowSystem.h" />
		<Unit filename="cb.bmp" />
		<Unit filename="cmd\cmd.Readme" />
		<Unit filename="main.cpp" />
		<Unit filename="version.h">
			<Option target="Release" />
		</Unit>
		<Extensions>
			<AutoVersioning>
				<Scheme minor_max="10" build_max="0" rev_max="0" rev_rand_max="10" build_times_to_increment_minor="100" />
				<Settings autoincrement="0" date_declarations="1" do_auto_increment="1" ask_to_increment="1" language="C++" svn="0" svn_directory="" header_path="version.h" />
				<Changes_Log show_changes_editor="0" app_title="released version %M.%m.%b of %p" changeslog_path="ChangesLog.txt" />
			</AutoVersioning>
			<code_completion />
			<envvars />
			<debugger />
			<lib_finder disable_auto="1" />
		</Extensions>
	</Project>
</CodeBlocks_project_file>
