<?xml version="1.0" encoding="UTF-8" standalone="yes" ?>
<CodeBlocks_project_file>
	<FileVersion major="1" minor="6" />
	<Project>
		<Option title="PharaohGameEngine" />
		<Option pch_mode="2" />
		<Option compiler="gcc" />
		<Build>
			<Target title="Debug">
				<Option output="bin\Debug\PharaohGameEngine" prefix_auto="1" extension_auto="1" />
				<Option object_output="obj\Debug\" />
				<Option type="0" />
				<Option compiler="gcc" />
				<Compiler>
					<Add option="-g" />
				</Compiler>
				<Linker>
					<Add library="OIS_d" />
					<Add library="dinput8" />
					<Add library="dxguid" />
				</Linker>
			</Target>
			<Target title="Release">
				<Option output="bin\Release\PharaohGameEngine" prefix_auto="1" extension_auto="1" />
				<Option object_output="obj\Release\" />
				<Option type="0" />
				<Option compiler="gcc" />
				<Compiler>
					<Add option="-O2" />
				</Compiler>
				<Linker>
					<Add option="-s" />
					<Add library="OIS" />
					<Add library="dinput8" />
					<Add library="dxguid" />
				</Linker>
			</Target>
		</Build>
		<Compiler>
			<Add option="-Wall" />
			<Add directory="$(#sdl.include)" />
			<Add directory="include" />
		</Compiler>
		<Linker>
			<Add library="mingw32" />
			<Add library="SDLmain" />
			<Add library="SDL.dll" />
			<Add library="user32" />
			<Add library="gdi32" />
			<Add library="winmm" />
			<Add library="dxguid" />
			<Add library="opengl32" />
			<Add library="glu32" />
			<Add library="audiere" />
			<Add library="devIL" />
			<Add library="ILU" />
			<Add library="ILUT" />
			<Add directory="$(#sdl.lib)" />
		</Linker>
		<Unit filename="AudioSystems\Audiere\PgeAudiereAudioSystem.cpp" />
		<Unit filename="AudioSystems\Audiere\PgeAudiereAudioSystem.h" />
		<Unit filename="Demos\BasicTest\DemoApp.h" />
		<Unit filename="Demos\BasicTest\DemoGameState.cpp" />
		<Unit filename="Demos\BasicTest\DemoGameState.h" />
		<Unit filename="Demos\BasicTest\DemoGameStateFactory.h" />
		<Unit filename="Dependencies.txt" />
		<Unit filename="include\PgeAudioManager.h" />
		<Unit filename="include\PgeBaseApplication.h" />
		<Unit filename="include\PgeBaseEntity.h" />
		<Unit filename="include\PgeBaseEntityInterface.h" />
		<Unit filename="include\PgeBaseGameState.h" />
		<Unit filename="include\PgeBaseInputListener.h" />
		<Unit filename="include\PgeBaseWindowListener.h" />
		<Unit filename="include\PgeBaseWindowSystem.h" />
		<Unit filename="include\PgeEnums.h" />
		<Unit filename="include\PgeException.h" />
		<Unit filename="include\PgeGameStateManager.h" />
		<Unit filename="include\PgeInputManager.h" />
		<Unit filename="include\PgeMath.h" />
		<Unit filename="include\PgeMatrix2D.h" />
		<Unit filename="include\PgeMatrix3D.h" />
		<Unit filename="include\PgePlatform.h" />
		<Unit filename="include\PgePlatformFactory.h" />
		<Unit filename="include\PgePoint2D.h" />
		<Unit filename="include\PgePoint3D.h" />
		<Unit filename="include\PgeSharedPtr.h" />
		<Unit filename="include\PgeSingleton.h" />
		<Unit filename="include\PgeTextureManager.h" />
		<Unit filename="include\PgeTimer.h" />
		<Unit filename="include\PgeTypes.h" />
		<Unit filename="include\SDL\PgeSDLPlatformFactory.h" />
		<Unit filename="include\SDL\PgeSDLWindowSystem.h" />
		<Unit filename="include\cmd\LogFile.h" />
		<Unit filename="include\cmd\LogFileManager.h" />
		<Unit filename="include\cmd\StringUtil.h" />
		<Unit filename="include\version.h" />
		<Unit filename="main.cpp" />
		<Unit filename="src\PgeAudioManager.cpp" />
		<Unit filename="src\PgeBaseApplication.cpp" />
		<Unit filename="src\PgeBaseEntity.cpp" />
		<Unit filename="src\PgeBaseGameState.cpp" />
		<Unit filename="src\PgeBaseInputListener.cpp" />
		<Unit filename="src\PgeBaseWindowSystem.cpp" />
		<Unit filename="src\PgeGameStateManager.cpp" />
		<Unit filename="src\PgeInputManager.cpp" />
		<Unit filename="src\PgeMath.cpp" />
		<Unit filename="src\PgeMatrix2D.cpp" />
		<Unit filename="src\PgeMatrix3D.cpp" />
		<Unit filename="src\PgePlatformFactory.cpp" />
		<Unit filename="src\PgePoint2D.cpp" />
		<Unit filename="src\PgePoint3D.cpp" />
		<Unit filename="src\PgeSingleton.cpp" />
		<Unit filename="src\PgeTextureManager.cpp" />
		<Unit filename="src\PgeTimer.cpp" />
		<Unit filename="src\PgeTypes.cpp" />
		<Unit filename="src\SDL\PgeSDLPlatformFactory.cpp" />
		<Unit filename="src\SDL\PgeSDLWindowSystem.cpp" />
		<Extensions>
			<AutoVersioning>
				<Scheme minor_max="10" build_max="0" rev_max="0" rev_rand_max="10" build_times_to_increment_minor="100" />
				<Settings autoincrement="0" date_declarations="1" do_auto_increment="1" ask_to_increment="1" language="C++" svn="0" svn_directory="" header_path="include\version.h" />
				<Changes_Log show_changes_editor="0" app_title="released version %M.%m.%b of %p" changeslog_path="ChangesLog.txt" />
			</AutoVersioning>
			<code_completion />
			<envvars />
			<debugger />
			<lib_finder disable_auto="1" />
		</Extensions>
	</Project>
</CodeBlocks_project_file>
